# This file was autogenerated by Stack.
# You should not edit this file by hand.
# For more information, please see the documentation at:
#   https://docs.haskellstack.org/en/stable/lock_files

packages: []
snapshots:
- completed:
    sha256: 408b46043a7dac09d018ed1eec8fbf9346924eb2c5235910112d79b7cc6e148b
    size: 632119
    url: https://raw.githubusercontent.com/commercialhaskell/stackage-snapshots/master/nightly/2023/5/26.yaml
  original: nightly-2023-05-26
